<Solution>
  <Project Path="Unity.Services.Vivox.csproj" />
  <Project Path="Unity.Services.Vivox.Editor.csproj" />
  <Project Path="com.rlabrecque.steamworks.net.csproj" />
  <Project Path="Assembly-CSharp.csproj" />
  <Project Path="com.rlabrecque.steamworks.net.editor.csproj" />
</Solution>
